Microsoft Visual Studio Solution File, Format Version 11.00
# Visual Studio 2008

Project("{8BC2D81D-3195-C23E-835A-6D682E3187EF}") = "uguiex", "Assembly-CSharp.csproj", "{8758FB7E-1384-A6F5-CA14-2276E56E05AA}"
EndProject
Project("{8BC2D81D-3195-C23E-835A-6D682E3187EF}") = "uguiex", "Assembly-CSharp-Editor.csproj", "{01D0D310-3199-7FB9-CCD0-29485E3962F8}"
EndProject
Global
	GlobalSection(SolutionConfigurationPlatforms) = preSolution
		Debug|Any CPU = Debug|Any CPU
		Release|Any CPU = Release|Any CPU
	EndGlobalSection
	GlobalSection(ProjectConfigurationPlatforms) = postSolution
		{8758FB7E-1384-A6F5-CA14-2276E56E05AA}.Debug|Any CPU.ActiveCfg = Debug|Any CPU
		{8758FB7E-1384-A6F5-CA14-2276E56E05AA}.Debug|Any CPU.Build.0 = Debug|Any CPU
		{8758FB7E-1384-A6F5-CA14-2276E56E05AA}.Release|Any CPU.ActiveCfg = Release|Any CPU
		{8758FB7E-1384-A6F5-CA14-2276E56E05AA}.Release|Any CPU.Build.0 = Release|Any CPU
		{01D0D310-3199-7FB9-CCD0-29485E3962F8}.Debug|Any CPU.ActiveCfg = Debug|Any CPU
		{01D0D310-3199-7FB9-CCD0-29485E3962F8}.Debug|Any CPU.Build.0 = Debug|Any CPU
		{01D0D310-3199-7FB9-CCD0-29485E3962F8}.Release|Any CPU.ActiveCfg = Release|Any CPU
		{01D0D310-3199-7FB9-CCD0-29485E3962F8}.Release|Any CPU.Build.0 = Release|Any CPU
	EndGlobalSection
	GlobalSection(SolutionProperties) = preSolution
		HideSolutionNode = FALSE
	EndGlobalSection
	GlobalSection(MonoDevelopProperties) = preSolution
		StartupItem = Assembly-CSharp.csproj
	EndGlobalSection
EndGlobal
